{
    "name": "tsl-core-json",
    "version": "0.0.0",
    "lockfileVersion": 2,
    "requires": true,
    "dev": true,
    "packages": {
        "": {
            "name": "tsl-core-json",
            "version": "0.0.0",
            "license": "MIT",
            "devDependencies": {
                "@types/node": "~16.7.13",
                "@typescriptlibs/tst": "^0.0.5",
                "husky": "^8.0.2",
                "minami": "^1.2.3",
                "tsl-core-json": "file:./",
                "typescript": "~4.9.4"
            },
            "engines": {
                "node": ">=16.8.0"
            }
        },
        "node_modules/@types/node": {
            "version": "16.7.13",
            "resolved": "https://registry.npmjs.org/@types/node/-/node-16.7.13.tgz",
            "integrity": "sha512-pLUPDn+YG3FYEt/pHI74HmnJOWzeR+tOIQzUx93pi9M7D8OE7PSLr97HboXwk5F+JS+TLtWuzCOW97AHjmOXXA==",
            "dev": true
        },
        "node_modules/@typescriptlibs/tst": {
            "version": "0.0.5",
            "resolved": "https://registry.npmjs.org/@typescriptlibs/tst/-/tst-0.0.5.tgz",
            "integrity": "sha512-Ze3pgTkJgIr05AkLp3esPzK0sauG0WZcZc6dOz2ZPHMgKsWmExO7r/9TOlayfShAPeSmC7YszKDhtHq51fNXuQ==",
            "dev": true,
            "bin": {
                "tst": "bin/tst.mjs"
            },
            "engines": {
                "node": ">=10.17.0"
            },
            "peerDependencies": {
                "@types/node": ">=10.17.0",
                "typescript": ">=1.6.0"
            }
        },
        "node_modules/husky": {
            "version": "8.0.2",
            "resolved": "https://registry.npmjs.org/husky/-/husky-8.0.2.tgz",
            "integrity": "sha512-Tkv80jtvbnkK3mYWxPZePGFpQ/tT3HNSs/sasF9P2YfkMezDl3ON37YN6jUUI4eTg5LcyVynlb6r4eyvOmspvg==",
            "dev": true,
            "bin": {
                "husky": "lib/bin.js"
            },
            "engines": {
                "node": ">=14"
            },
            "funding": {
                "url": "https://github.com/sponsors/typicode"
            }
        },
        "node_modules/minami": {
            "version": "1.2.3",
            "resolved": "https://registry.npmjs.org/minami/-/minami-1.2.3.tgz",
            "integrity": "sha512-3f2QqqbUC1usVux0FkQMFYB73yd9JIxmHSn1dWQacizL6hOUaNu6mA3KxZ9SfiCc4qgcgq+5XP59+hP7URa1Dw==",
            "dev": true
        },
        "node_modules/tsl-core-json": {
            "resolved": "",
            "link": true
        },
        "node_modules/typescript": {
            "version": "4.9.4",
            "resolved": "https://registry.npmjs.org/typescript/-/typescript-4.9.4.tgz",
            "integrity": "sha512-Uz+dTXYzxXXbsFpM86Wh3dKCxrQqUcVMxwU54orwlJjOpO3ao8L7j5lH+dWfTwgCwIuM9GQ2kvVotzYJMXTBZg==",
            "dev": true,
            "bin": {
                "tsc": "bin/tsc",
                "tsserver": "bin/tsserver"
            },
            "engines": {
                "node": ">=4.2.0"
            }
        }
    },
    "dependencies": {
        "@types/node": {
            "version": "16.7.13",
            "resolved": "https://registry.npmjs.org/@types/node/-/node-16.7.13.tgz",
            "integrity": "sha512-pLUPDn+YG3FYEt/pHI74HmnJOWzeR+tOIQzUx93pi9M7D8OE7PSLr97HboXwk5F+JS+TLtWuzCOW97AHjmOXXA==",
            "dev": true
        },
        "@typescriptlibs/tst": {
            "version": "0.0.5",
            "resolved": "https://registry.npmjs.org/@typescriptlibs/tst/-/tst-0.0.5.tgz",
            "integrity": "sha512-Ze3pgTkJgIr05AkLp3esPzK0sauG0WZcZc6dOz2ZPHMgKsWmExO7r/9TOlayfShAPeSmC7YszKDhtHq51fNXuQ==",
            "dev": true,
            "requires": {}
        },
        "husky": {
            "version": "8.0.2",
            "resolved": "https://registry.npmjs.org/husky/-/husky-8.0.2.tgz",
            "integrity": "sha512-Tkv80jtvbnkK3mYWxPZePGFpQ/tT3HNSs/sasF9P2YfkMezDl3ON37YN6jUUI4eTg5LcyVynlb6r4eyvOmspvg==",
            "dev": true
        },
        "minami": {
            "version": "1.2.3",
            "resolved": "https://registry.npmjs.org/minami/-/minami-1.2.3.tgz",
            "integrity": "sha512-3f2QqqbUC1usVux0FkQMFYB73yd9JIxmHSn1dWQacizL6hOUaNu6mA3KxZ9SfiCc4qgcgq+5XP59+hP7URa1Dw==",
            "dev": true
        },
        "tsl-core-json": {
            "version": "file:",
            "requires": {
                "@types/node": "~16.7.13",
                "@typescriptlibs/tst": "^0.0.5",
                "husky": "^8.0.2",
                "minami": "^1.2.3",
                "tsl-core-json": "file:",
                "typescript": "~4.9.4"
            },
            "dependencies": {
                "@types/node": {
                    "version": "16.7.13",
                    "resolved": "https://registry.npmjs.org/@types/node/-/node-16.7.13.tgz",
                    "integrity": "sha512-pLUPDn+YG3FYEt/pHI74HmnJOWzeR+tOIQzUx93pi9M7D8OE7PSLr97HboXwk5F+JS+TLtWuzCOW97AHjmOXXA==",
                    "dev": true
                },
                "@typescriptlibs/tst": {
                    "version": "0.0.5",
                    "resolved": "https://registry.npmjs.org/@typescriptlibs/tst/-/tst-0.0.5.tgz",
                    "integrity": "sha512-Ze3pgTkJgIr05AkLp3esPzK0sauG0WZcZc6dOz2ZPHMgKsWmExO7r/9TOlayfShAPeSmC7YszKDhtHq51fNXuQ==",
                    "dev": true,
                    "requires": {}
                },
                "husky": {
                    "version": "8.0.2",
                    "resolved": "https://registry.npmjs.org/husky/-/husky-8.0.2.tgz",
                    "integrity": "sha512-Tkv80jtvbnkK3mYWxPZePGFpQ/tT3HNSs/sasF9P2YfkMezDl3ON37YN6jUUI4eTg5LcyVynlb6r4eyvOmspvg==",
                    "dev": true
                },
                "minami": {
                    "version": "1.2.3",
                    "resolved": "https://registry.npmjs.org/minami/-/minami-1.2.3.tgz",
                    "integrity": "sha512-3f2QqqbUC1usVux0FkQMFYB73yd9JIxmHSn1dWQacizL6hOUaNu6mA3KxZ9SfiCc4qgcgq+5XP59+hP7URa1Dw==",
                    "dev": true
                },
                "typescript": {
                    "version": "4.9.4",
                    "resolved": "https://registry.npmjs.org/typescript/-/typescript-4.9.4.tgz",
                    "integrity": "sha512-Uz+dTXYzxXXbsFpM86Wh3dKCxrQqUcVMxwU54orwlJjOpO3ao8L7j5lH+dWfTwgCwIuM9GQ2kvVotzYJMXTBZg==",
                    "dev": true
                }
            }
        },
        "typescript": {
            "version": "4.9.4",
            "resolved": "https://registry.npmjs.org/typescript/-/typescript-4.9.4.tgz",
            "integrity": "sha512-Uz+dTXYzxXXbsFpM86Wh3dKCxrQqUcVMxwU54orwlJjOpO3ao8L7j5lH+dWfTwgCwIuM9GQ2kvVotzYJMXTBZg==",
            "dev": true
        }
    }
}
